{
  "name": "fhl-23",
  "version": "1.0.0",
  "lockfileVersion": 2,
  "requires": true,
  "packages": {
    "": {
      "name": "fhl-23",
      "version": "1.0.0",
      "devDependencies": {
        "@azure/functions": "^3.0.0",
        "@types/node": "^16.x",
        "typescript": "^4.0.0"
      }
    },
    "node_modules/@azure/functions": {
      "version": "3.5.1",
      "resolved": "https://domoreexp.pkgs.visualstudio.com/_packaging/npm-mirror/npm/registry/@azure/functions/-/functions-3.5.1.tgz",
      "integrity": "sha1-mKxcGPhINf1YId5ATFKrvUWIcfY=",
      "dev": true,
      "license": "MIT",
      "dependencies": {
        "iconv-lite": "^0.6.3",
        "long": "^4.0.0",
        "uuid": "^8.3.0"
      }
    },
    "node_modules/@types/node": {
      "version": "16.18.27",
      "resolved": "https://domoreexp.pkgs.visualstudio.com/_packaging/npm-mirror/npm/registry/@types/node/-/node-16.18.27.tgz",
      "integrity": "sha1-1RV2ekp7xE6uwzasf/G94zihdwQ=",
      "dev": true,
      "license": "MIT"
    },
    "node_modules/iconv-lite": {
      "version": "0.6.3",
      "resolved": "https://domoreexp.pkgs.visualstudio.com/_packaging/npm-mirror/npm/registry/iconv-lite/-/iconv-lite-0.6.3.tgz",
      "integrity": "sha1-pS+AvzjaGVLrXGgXkHGYcaGnJQE=",
      "dev": true,
      "license": "MIT",
      "dependencies": {
        "safer-buffer": ">= 2.1.2 < 3.0.0"
      },
      "engines": {
        "node": ">=0.10.0"
      }
    },
    "node_modules/long": {
      "version": "4.0.0",
      "resolved": "https://domoreexp.pkgs.visualstudio.com/_packaging/npm-mirror/npm/registry/long/-/long-4.0.0.tgz",
      "integrity": "sha1-mntxz7fTYaGU6lVSQckvdGjVvyg=",
      "dev": true,
      "license": "Apache-2.0"
    },
    "node_modules/safer-buffer": {
      "version": "2.1.2",
      "resolved": "https://domoreexp.pkgs.visualstudio.com/_packaging/npm-mirror/npm/registry/safer-buffer/-/safer-buffer-2.1.2.tgz",
      "integrity": "sha1-RPoWGwGHuVSd2Eu5GAL5vYOFzWo=",
      "dev": true,
      "license": "MIT"
    },
    "node_modules/typescript": {
      "version": "4.9.5",
      "resolved": "https://domoreexp.pkgs.visualstudio.com/_packaging/npm-mirror/npm/registry/typescript/-/typescript-4.9.5.tgz",
      "integrity": "sha1-CVl5+bzA0J2jJNWNA86Pg3TL5lo=",
      "dev": true,
      "license": "Apache-2.0",
      "bin": {
        "tsc": "bin/tsc",
        "tsserver": "bin/tsserver"
      },
      "engines": {
        "node": ">=4.2.0"
      }
    },
    "node_modules/uuid": {
      "version": "8.3.2",
      "resolved": "https://domoreexp.pkgs.visualstudio.com/_packaging/npm-mirror/npm/registry/uuid/-/uuid-8.3.2.tgz",
      "integrity": "sha1-gNW1ztJxu5r2xEXyGhoExgbO++I=",
      "dev": true,
      "license": "MIT",
      "bin": {
        "uuid": "dist/bin/uuid"
      }
    }
  },
  "dependencies": {
    "@azure/functions": {
      "version": "3.5.1",
      "resolved": "https://domoreexp.pkgs.visualstudio.com/_packaging/npm-mirror/npm/registry/@azure/functions/-/functions-3.5.1.tgz",
      "integrity": "sha1-mKxcGPhINf1YId5ATFKrvUWIcfY=",
      "dev": true,
      "requires": {
        "iconv-lite": "^0.6.3",
        "long": "^4.0.0",
        "uuid": "^8.3.0"
      }
    },
    "@types/node": {
      "version": "16.18.27",
      "resolved": "https://domoreexp.pkgs.visualstudio.com/_packaging/npm-mirror/npm/registry/@types/node/-/node-16.18.27.tgz",
      "integrity": "sha1-1RV2ekp7xE6uwzasf/G94zihdwQ=",
      "dev": true
    },
    "iconv-lite": {
      "version": "0.6.3",
      "resolved": "https://domoreexp.pkgs.visualstudio.com/_packaging/npm-mirror/npm/registry/iconv-lite/-/iconv-lite-0.6.3.tgz",
      "integrity": "sha1-pS+AvzjaGVLrXGgXkHGYcaGnJQE=",
      "dev": true,
      "requires": {
        "safer-buffer": ">= 2.1.2 < 3.0.0"
      }
    },
    "long": {
      "version": "4.0.0",
      "resolved": "https://domoreexp.pkgs.visualstudio.com/_packaging/npm-mirror/npm/registry/long/-/long-4.0.0.tgz",
      "integrity": "sha1-mntxz7fTYaGU6lVSQckvdGjVvyg=",
      "dev": true
    },
    "safer-buffer": {
      "version": "2.1.2",
      "resolved": "https://domoreexp.pkgs.visualstudio.com/_packaging/npm-mirror/npm/registry/safer-buffer/-/safer-buffer-2.1.2.tgz",
      "integrity": "sha1-RPoWGwGHuVSd2Eu5GAL5vYOFzWo=",
      "dev": true
    },
    "typescript": {
      "version": "4.9.5",
      "resolved": "https://domoreexp.pkgs.visualstudio.com/_packaging/npm-mirror/npm/registry/typescript/-/typescript-4.9.5.tgz",
      "integrity": "sha1-CVl5+bzA0J2jJNWNA86Pg3TL5lo=",
      "dev": true
    },
    "uuid": {
      "version": "8.3.2",
      "resolved": "https://domoreexp.pkgs.visualstudio.com/_packaging/npm-mirror/npm/registry/uuid/-/uuid-8.3.2.tgz",
      "integrity": "sha1-gNW1ztJxu5r2xEXyGhoExgbO++I=",
      "dev": true
    }
  }
}
